
Microsoft Visual Studio Solution File, Format Version 11.00
# Visual Studio 2010
Project("{FAE04EC0-301F-11D3-BF4B-00C04F79EFBC}") = "JobRunnerSubmitJobWebPart", "JobRunnerSubmitJobWebPart\JobRunnerSubmitJobWebPart.csproj", "{6FDC5344-4F53-46BE-AAA5-EA44E35D9731}"
EndProject
Project("{2150E333-8FDC-42A3-9474-1A3956D46DE8}") = "Solution Items", "Solution Items", "{4F8C296B-D4C1-4C52-977A-F618DC4A0ED7}"
EndProject
Global
	GlobalSection(SolutionConfigurationPlatforms) = preSolution
		Debug|Any CPU = Debug|Any CPU
		Release|Any CPU = Release|Any CPU
	EndGlobalSection
	GlobalSection(ProjectConfigurationPlatforms) = postSolution
		{6FDC5344-4F53-46BE-AAA5-EA44E35D9731}.Debug|Any CPU.ActiveCfg = Debug|Any CPU
		{6FDC5344-4F53-46BE-AAA5-EA44E35D9731}.Debug|Any CPU.Build.0 = Debug|Any CPU
		{6FDC5344-4F53-46BE-AAA5-EA44E35D9731}.Debug|Any CPU.Deploy.0 = Debug|Any CPU
		{6FDC5344-4F53-46BE-AAA5-EA44E35D9731}.Release|Any CPU.ActiveCfg = Release|Any CPU
		{6FDC5344-4F53-46BE-AAA5-EA44E35D9731}.Release|Any CPU.Build.0 = Release|Any CPU
		{6FDC5344-4F53-46BE-AAA5-EA44E35D9731}.Release|Any CPU.Deploy.0 = Release|Any CPU
	EndGlobalSection
	GlobalSection(SolutionProperties) = preSolution
		HideSolutionNode = FALSE
	EndGlobalSection
EndGlobal
